// !$*UTF8*$!
{
	archiveVersion = 1;
	classes = {
	};
	objectVersion = 46;
	objects = {

/* Begin PBXBuildFile section */
		243CFFA31B445156008FC266 /* AppDelegate.swift in Sources */ = {isa = PBXBuildFile; fileRef = 243CFFA21B445156008FC266 /* AppDelegate.swift */; };
		243CFFA51B445156008FC266 /* ViewController.swift in Sources */ = {isa = PBXBuildFile; fileRef = 243CFFA41B445156008FC266 /* ViewController.swift */; };
		243CFFA81B445156008FC266 /* Main.storyboard in Resources */ = {isa = PBXBuildFile; fileRef = 243CFFA61B445156008FC266 /* Main.storyboard */; };
		243CFFAA1B445156008FC266 /* Assets.xcassets in Resources */ = {isa = PBXBuildFile; fileRef = 243CFFA91B445156008FC266 /* Assets.xcassets */; };
		243CFFAD1B445156008FC266 /* LaunchScreen.storyboard in Resources */ = {isa = PBXBuildFile; fileRef = 243CFFAB1B445156008FC266 /* LaunchScreen.storyboard */; };
		243CFFB81B445156008FC266 /* MCStackViewTests.swift in Sources */ = {isa = PBXBuildFile; fileRef = 243CFFB71B445156008FC266 /* MCStackViewTests.swift */; };
		243CFFC31B445156008FC266 /* MCStackViewUITests.swift in Sources */ = {isa = PBXBuildFile; fileRef = 243CFFC21B445156008FC266 /* MCStackViewUITests.swift */; };
		243CFFD41B44524D008FC266 /* MCStackView.swift in Sources */ = {isa = PBXBuildFile; fileRef = 243CFFD31B44524D008FC266 /* MCStackView.swift */; };
		24AFEE1C1B61008200B8E752 /* MCStackViewConstraintsProvider.swift in Sources */ = {isa = PBXBuildFile; fileRef = 24AFEE1B1B61008200B8E752 /* MCStackViewConstraintsProvider.swift */; };
		24AFEE1E1B61333A00B8E752 /* MCStackViewDistributionConstraintsProvider.swift in Sources */ = {isa = PBXBuildFile; fileRef = 24AFEE1D1B61333A00B8E752 /* MCStackViewDistributionConstraintsProvider.swift */; };
		24AFEE201B61337C00B8E752 /* MCStackViewAlignmentConstraintsProvider.swift in Sources */ = {isa = PBXBuildFile; fileRef = 24AFEE1F1B61337C00B8E752 /* MCStackViewAlignmentConstraintsProvider.swift */; };
		24AFEE221B624C9B00B8E752 /* MCSpacerViewProvider.swift in Sources */ = {isa = PBXBuildFile; fileRef = 24AFEE211B624C9B00B8E752 /* MCSpacerViewProvider.swift */; };
/* End PBXBuildFile section */

/* Begin PBXContainerItemProxy section */
		243CFFB41B445156008FC266 /* PBXContainerItemProxy */ = {
			isa = PBXContainerItemProxy;
			containerPortal = 243CFF971B445156008FC266 /* Project object */;
			proxyType = 1;
			remoteGlobalIDString = 243CFF9E1B445156008FC266;
			remoteInfo = MCStackView;
		};
		243CFFBF1B445156008FC266 /* PBXContainerItemProxy */ = {
			isa = PBXContainerItemProxy;
			containerPortal = 243CFF971B445156008FC266 /* Project object */;
			proxyType = 1;
			remoteGlobalIDString = 243CFF9E1B445156008FC266;
			remoteInfo = MCStackView;
		};
/* End PBXContainerItemProxy section */

/* Begin PBXFileReference section */
		243CFF9F1B445156008FC266 /* MCStackView.app */ = {isa = PBXFileReference; explicitFileType = wrapper.application; includeInIndex = 0; path = MCStackView.app; sourceTree = BUILT_PRODUCTS_DIR; };
		243CFFA21B445156008FC266 /* AppDelegate.swift */ = {isa = PBXFileReference; lastKnownFileType = sourcecode.swift; path = AppDelegate.swift; sourceTree = "<group>"; };
		243CFFA41B445156008FC266 /* ViewController.swift */ = {isa = PBXFileReference; lastKnownFileType = sourcecode.swift; path = ViewController.swift; sourceTree = "<group>"; };
		243CFFA71B445156008FC266 /* Base */ = {isa = PBXFileReference; lastKnownFileType = file.storyboard; name = Base; path = Base.lproj/Main.storyboard; sourceTree = "<group>"; };
		243CFFA91B445156008FC266 /* Assets.xcassets */ = {isa = PBXFileReference; lastKnownFileType = folder.assetcatalog; path = Assets.xcassets; sourceTree = "<group>"; };
		243CFFAC1B445156008FC266 /* Base */ = {isa = PBXFileReference; lastKnownFileType = file.storyboard; name = Base; path = Base.lproj/LaunchScreen.storyboard; sourceTree = "<group>"; };
		243CFFAE1B445156008FC266 /* Info.plist */ = {isa = PBXFileReference; lastKnownFileType = text.plist.xml; path = Info.plist; sourceTree = "<group>"; };
		243CFFB31B445156008FC266 /* MCStackViewTests.xctest */ = {isa = PBXFileReference; explicitFileType = wrapper.cfbundle; includeInIndex = 0; path = MCStackViewTests.xctest; sourceTree = BUILT_PRODUCTS_DIR; };
		243CFFB71B445156008FC266 /* MCStackViewTests.swift */ = {isa = PBXFileReference; lastKnownFileType = sourcecode.swift; path = MCStackViewTests.swift; sourceTree = "<group>"; };
		243CFFB91B445156008FC266 /* Info.plist */ = {isa = PBXFileReference; lastKnownFileType = text.plist.xml; path = Info.plist; sourceTree = "<group>"; };
		243CFFBE1B445156008FC266 /* MCStackViewUITests.xctest */ = {isa = PBXFileReference; explicitFileType = wrapper.cfbundle; includeInIndex = 0; path = MCStackViewUITests.xctest; sourceTree = BUILT_PRODUCTS_DIR; };
		243CFFC21B445156008FC266 /* MCStackViewUITests.swift */ = {isa = PBXFileReference; lastKnownFileType = sourcecode.swift; path = MCStackViewUITests.swift; sourceTree = "<group>"; };
		243CFFC41B445156008FC266 /* Info.plist */ = {isa = PBXFileReference; lastKnownFileType = text.plist.xml; path = Info.plist; sourceTree = "<group>"; };
		243CFFD31B44524D008FC266 /* MCStackView.swift */ = {isa = PBXFileReference; fileEncoding = 4; lastKnownFileType = sourcecode.swift; path = MCStackView.swift; sourceTree = "<group>"; };
		24AFEE1B1B61008200B8E752 /* MCStackViewConstraintsProvider.swift */ = {isa = PBXFileReference; fileEncoding = 4; lastKnownFileType = sourcecode.swift; path = MCStackViewConstraintsProvider.swift; sourceTree = "<group>"; };
		24AFEE1D1B61333A00B8E752 /* MCStackViewDistributionConstraintsProvider.swift */ = {isa = PBXFileReference; fileEncoding = 4; lastKnownFileType = sourcecode.swift; path = MCStackViewDistributionConstraintsProvider.swift; sourceTree = "<group>"; };
		24AFEE1F1B61337C00B8E752 /* MCStackViewAlignmentConstraintsProvider.swift */ = {isa = PBXFileReference; fileEncoding = 4; lastKnownFileType = sourcecode.swift; path = MCStackViewAlignmentConstraintsProvider.swift; sourceTree = "<group>"; };
		24AFEE211B624C9B00B8E752 /* MCSpacerViewProvider.swift */ = {isa = PBXFileReference; fileEncoding = 4; lastKnownFileType = sourcecode.swift; path = MCSpacerViewProvider.swift; sourceTree = "<group>"; };
/* End PBXFileReference section */

/* Begin PBXFrameworksBuildPhase section */
		243CFF9C1B445156008FC266 /* Frameworks */ = {
			isa = PBXFrameworksBuildPhase;
			buildActionMask = 2147483647;
			files = (
			);
			runOnlyForDeploymentPostprocessing = 0;
		};
		243CFFB01B445156008FC266 /* Frameworks */ = {
			isa = PBXFrameworksBuildPhase;
			buildActionMask = 2147483647;
			files = (
			);
			runOnlyForDeploymentPostprocessing = 0;
		};
		243CFFBB1B445156008FC266 /* Frameworks */ = {
			isa = PBXFrameworksBuildPhase;
			buildActionMask = 2147483647;
			files = (
			);
			runOnlyForDeploymentPostprocessing = 0;
		};
/* End PBXFrameworksBuildPhase section */

/* Begin PBXGroup section */
		243CFF961B445156008FC266 = {
			isa = PBXGroup;
			children = (
				243CFFA11B445156008FC266 /* MCStackView */,
				243CFFB61B445156008FC266 /* MCStackViewTests */,
				243CFFC11B445156008FC266 /* MCStackViewUITests */,
				243CFFA01B445156008FC266 /* Products */,
			);
			sourceTree = "<group>";
		};
		243CFFA01B445156008FC266 /* Products */ = {
			isa = PBXGroup;
			children = (
				243CFF9F1B445156008FC266 /* MCStackView.app */,
				243CFFB31B445156008FC266 /* MCStackViewTests.xctest */,
				243CFFBE1B445156008FC266 /* MCStackViewUITests.xctest */,
			);
			name = Products;
			sourceTree = "<group>";
		};
		243CFFA11B445156008FC266 /* MCStackView */ = {
			isa = PBXGroup;
			children = (
				243CFFD21B44524D008FC266 /* Classes */,
				243CFFA21B445156008FC266 /* AppDelegate.swift */,
				243CFFA41B445156008FC266 /* ViewController.swift */,
				243CFFA61B445156008FC266 /* Main.storyboard */,
				243CFFA91B445156008FC266 /* Assets.xcassets */,
				243CFFAB1B445156008FC266 /* LaunchScreen.storyboard */,
				243CFFAE1B445156008FC266 /* Info.plist */,
			);
			path = MCStackView;
			sourceTree = "<group>";
		};
		243CFFB61B445156008FC266 /* MCStackViewTests */ = {
			isa = PBXGroup;
			children = (
				243CFFB71B445156008FC266 /* MCStackViewTests.swift */,
				243CFFB91B445156008FC266 /* Info.plist */,
			);
			path = MCStackViewTests;
			sourceTree = "<group>";
		};
		243CFFC11B445156008FC266 /* MCStackViewUITests */ = {
			isa = PBXGroup;
			children = (
				243CFFC21B445156008FC266 /* MCStackViewUITests.swift */,
				243CFFC41B445156008FC266 /* Info.plist */,
			);
			path = MCStackViewUITests;
			sourceTree = "<group>";
		};
		243CFFD21B44524D008FC266 /* Classes */ = {
			isa = PBXGroup;
			children = (
				243CFFD31B44524D008FC266 /* MCStackView.swift */,
				24AFEE1B1B61008200B8E752 /* MCStackViewConstraintsProvider.swift */,
				24AFEE1D1B61333A00B8E752 /* MCStackViewDistributionConstraintsProvider.swift */,
				24AFEE1F1B61337C00B8E752 /* MCStackViewAlignmentConstraintsProvider.swift */,
				24AFEE211B624C9B00B8E752 /* MCSpacerViewProvider.swift */,
			);
			path = Classes;
			sourceTree = "<group>";
		};
/* End PBXGroup section */

/* Begin PBXNativeTarget section */
		243CFF9E1B445156008FC266 /* MCStackView */ = {
			isa = PBXNativeTarget;
			buildConfigurationList = 243CFFC71B445156008FC266 /* Build configuration list for PBXNativeTarget "MCStackView" */;
			buildPhases = (
				243CFF9B1B445156008FC266 /* Sources */,
				243CFF9C1B445156008FC266 /* Frameworks */,
				243CFF9D1B445156008FC266 /* Resources */,
			);
			buildRules = (
			);
			dependencies = (
			);
			name = MCStackView;
			productName = MCStackView;
			productReference = 243CFF9F1B445156008FC266 /* MCStackView.app */;
			productType = "com.apple.product-type.application";
		};
		243CFFB21B445156008FC266 /* MCStackViewTests */ = {
			isa = PBXNativeTarget;
			buildConfigurationList = 243CFFCA1B445156008FC266 /* Build configuration list for PBXNativeTarget "MCStackViewTests" */;
			buildPhases = (
				243CFFAF1B445156008FC266 /* Sources */,
				243CFFB01B445156008FC266 /* Frameworks */,
				243CFFB11B445156008FC266 /* Resources */,
			);
			buildRules = (
			);
			dependencies = (
				243CFFB51B445156008FC266 /* PBXTargetDependency */,
			);
			name = MCStackViewTests;
			productName = MCStackViewTests;
			productReference = 243CFFB31B445156008FC266 /* MCStackViewTests.xctest */;
			productType = "com.apple.product-type.bundle.unit-test";
		};
		243CFFBD1B445156008FC266 /* MCStackViewUITests */ = {
			isa = PBXNativeTarget;
			buildConfigurationList = 243CFFCD1B445156008FC266 /* Build configuration list for PBXNativeTarget "MCStackViewUITests" */;
			buildPhases = (
				243CFFBA1B445156008FC266 /* Sources */,
				243CFFBB1B445156008FC266 /* Frameworks */,
				243CFFBC1B445156008FC266 /* Resources */,
			);
			buildRules = (
			);
			dependencies = (
				243CFFC01B445156008FC266 /* PBXTargetDependency */,
			);
			name = MCStackViewUITests;
			productName = MCStackViewUITests;
			productReference = 243CFFBE1B445156008FC266 /* MCStackViewUITests.xctest */;
			productType = "com.apple.product-type.bundle.ui-testing";
		};
/* End PBXNativeTarget section */

/* Begin PBXProject section */
		243CFF971B445156008FC266 /* Project object */ = {
			isa = PBXProject;
			attributes = {
				LastUpgradeCheck = 0700;
				ORGANIZATIONNAME = "Miguel Cabeça";
				TargetAttributes = {
					243CFF9E1B445156008FC266 = {
						CreatedOnToolsVersion = 7.0;
					};
					243CFFB21B445156008FC266 = {
						CreatedOnToolsVersion = 7.0;
						TestTargetID = 243CFF9E1B445156008FC266;
					};
					243CFFBD1B445156008FC266 = {
						CreatedOnToolsVersion = 7.0;
						TestTargetID = 243CFF9E1B445156008FC266;
					};
				};
			};
			buildConfigurationList = 243CFF9A1B445156008FC266 /* Build configuration list for PBXProject "MCStackView" */;
			compatibilityVersion = "Xcode 3.2";
			developmentRegion = English;
			hasScannedForEncodings = 0;
			knownRegions = (
				en,
				Base,
			);
			mainGroup = 243CFF961B445156008FC266;
			productRefGroup = 243CFFA01B445156008FC266 /* Products */;
			projectDirPath = "";
			projectRoot = "";
			targets = (
				243CFF9E1B445156008FC266 /* MCStackView */,
				243CFFB21B445156008FC266 /* MCStackViewTests */,
				243CFFBD1B445156008FC266 /* MCStackViewUITests */,
			);
		};
/* End PBXProject section */

/* Begin PBXResourcesBuildPhase section */
		243CFF9D1B445156008FC266 /* Resources */ = {
			isa = PBXResourcesBuildPhase;
			buildActionMask = 2147483647;
			files = (
				243CFFAD1B445156008FC266 /* LaunchScreen.storyboard in Resources */,
				243CFFAA1B445156008FC266 /* Assets.xcassets in Resources */,
				243CFFA81B445156008FC266 /* Main.storyboard in Resources */,
			);
			runOnlyForDeploymentPostprocessing = 0;
		};
		243CFFB11B445156008FC266 /* Resources */ = {
			isa = PBXResourcesBuildPhase;
			buildActionMask = 2147483647;
			files = (
			);
			runOnlyForDeploymentPostprocessing = 0;
		};
		243CFFBC1B445156008FC266 /* Resources */ = {
			isa = PBXResourcesBuildPhase;
			buildActionMask = 2147483647;
			files = (
			);
			runOnlyForDeploymentPostprocessing = 0;
		};
/* End PBXResourcesBuildPhase section */

/* Begin PBXSourcesBuildPhase section */
		243CFF9B1B445156008FC266 /* Sources */ = {
			isa = PBXSourcesBuildPhase;
			buildActionMask = 2147483647;
			files = (
				243CFFD41B44524D008FC266 /* MCStackView.swift in Sources */,
				24AFEE221B624C9B00B8E752 /* MCSpacerViewProvider.swift in Sources */,
				24AFEE201B61337C00B8E752 /* MCStackViewAlignmentConstraintsProvider.swift in Sources */,
				243CFFA51B445156008FC266 /* ViewController.swift in Sources */,
				243CFFA31B445156008FC266 /* AppDelegate.swift in Sources */,
				24AFEE1E1B61333A00B8E752 /* MCStackViewDistributionConstraintsProvider.swift in Sources */,
				24AFEE1C1B61008200B8E752 /* MCStackViewConstraintsProvider.swift in Sources */,
			);
			runOnlyForDeploymentPostprocessing = 0;
		};
		243CFFAF1B445156008FC266 /* Sources */ = {
			isa = PBXSourcesBuildPhase;
			buildActionMask = 2147483647;
			files = (
				243CFFB81B445156008FC266 /* MCStackViewTests.swift in Sources */,
			);
			runOnlyForDeploymentPostprocessing = 0;
		};
		243CFFBA1B445156008FC266 /* Sources */ = {
			isa = PBXSourcesBuildPhase;
			buildActionMask = 2147483647;
			files = (
				243CFFC31B445156008FC266 /* MCStackViewUITests.swift in Sources */,
			);
			runOnlyForDeploymentPostprocessing = 0;
		};
/* End PBXSourcesBuildPhase section */

/* Begin PBXTargetDependency section */
		243CFFB51B445156008FC266 /* PBXTargetDependency */ = {
			isa = PBXTargetDependency;
			target = 243CFF9E1B445156008FC266 /* MCStackView */;
			targetProxy = 243CFFB41B445156008FC266 /* PBXContainerItemProxy */;
		};
		243CFFC01B445156008FC266 /* PBXTargetDependency */ = {
			isa = PBXTargetDependency;
			target = 243CFF9E1B445156008FC266 /* MCStackView */;
			targetProxy = 243CFFBF1B445156008FC266 /* PBXContainerItemProxy */;
		};
/* End PBXTargetDependency section */

/* Begin PBXVariantGroup section */
		243CFFA61B445156008FC266 /* Main.storyboard */ = {
			isa = PBXVariantGroup;
			children = (
				243CFFA71B445156008FC266 /* Base */,
			);
			name = Main.storyboard;
			sourceTree = "<group>";
		};
		243CFFAB1B445156008FC266 /* LaunchScreen.storyboard */ = {
			isa = PBXVariantGroup;
			children = (
				243CFFAC1B445156008FC266 /* Base */,
			);
			name = LaunchScreen.storyboard;
			sourceTree = "<group>";
		};
/* End PBXVariantGroup section */

/* Begin XCBuildConfiguration section */
		243CFFC51B445156008FC266 /* Debug */ = {
			isa = XCBuildConfiguration;
			buildSettings = {
				ALWAYS_SEARCH_USER_PATHS = NO;
				CLANG_CXX_LANGUAGE_STANDARD = "gnu++0x";
				CLANG_CXX_LIBRARY = "libc++";
				CLANG_ENABLE_MODULES = YES;
				CLANG_ENABLE_OBJC_ARC = YES;
				CLANG_WARN_BOOL_CONVERSION = YES;
				CLANG_WARN_CONSTANT_CONVERSION = YES;
				CLANG_WARN_DIRECT_OBJC_ISA_USAGE = YES_ERROR;
				CLANG_WARN_EMPTY_BODY = YES;
				CLANG_WARN_ENUM_CONVERSION = YES;
				CLANG_WARN_INT_CONVERSION = YES;
				CLANG_WARN_OBJC_ROOT_CLASS = YES_ERROR;
				CLANG_WARN_UNREACHABLE_CODE = YES;
				CLANG_WARN__DUPLICATE_METHOD_MATCH = YES;
				"CODE_SIGN_IDENTITY[sdk=iphoneos*]" = "iPhone Developer";
				COPY_PHASE_STRIP = NO;
				DEBUG_INFORMATION_FORMAT = dwarf;
				ENABLE_STRICT_OBJC_MSGSEND = YES;
				ENABLE_TESTABILITY = YES;
				GCC_C_LANGUAGE_STANDARD = gnu99;
				GCC_DYNAMIC_NO_PIC = NO;
				GCC_NO_COMMON_BLOCKS = YES;
				GCC_OPTIMIZATION_LEVEL = 0;
				GCC_PREPROCESSOR_DEFINITIONS = (
					"DEBUG=1",
					"$(inherited)",
				);
				GCC_WARN_64_TO_32_BIT_CONVERSION = YES;
				GCC_WARN_ABOUT_RETURN_TYPE = YES_ERROR;
				GCC_WARN_UNDECLARED_SELECTOR = YES;
				GCC_WARN_UNINITIALIZED_AUTOS = YES_AGGRESSIVE;
				GCC_WARN_UNUSED_FUNCTION = YES;
				GCC_WARN_UNUSED_VARIABLE = YES;
				IPHONEOS_DEPLOYMENT_TARGET = 9.0;
				MTL_ENABLE_DEBUG_INFO = YES;
				ONLY_ACTIVE_ARCH = YES;
				SDKROOT = iphoneos;
				SWIFT_OPTIMIZATION_LEVEL = "-Onone";
				TARGETED_DEVICE_FAMILY = "1,2";
			};
			name = Debug;
		};
		243CFFC61B445156008FC266 /* Release */ = {
			isa = XCBuildConfiguration;
			buildSettings = {
				ALWAYS_SEARCH_USER_PATHS = NO;
				CLANG_CXX_LANGUAGE_STANDARD = "gnu++0x";
				CLANG_CXX_LIBRARY = "libc++";
				CLANG_ENABLE_MODULES = YES;
				CLANG_ENABLE_OBJC_ARC = YES;
				CLANG_WARN_BOOL_CONVERSION = YES;
				CLANG_WARN_CONSTANT_CONVERSION = YES;
				CLANG_WARN_DIRECT_OBJC_ISA_USAGE = YES_ERROR;
				CLANG_WARN_EMPTY_BODY = YES;
				CLANG_WARN_ENUM_CONVERSION = YES;
				CLANG_WARN_INT_CONVERSION = YES;
				CLANG_WARN_OBJC_ROOT_CLASS = YES_ERROR;
				CLANG_WARN_UNREACHABLE_CODE = YES;
				CLANG_WARN__DUPLICATE_METHOD_MATCH = YES;
				"CODE_SIGN_IDENTITY[sdk=iphoneos*]" = "iPhone Developer";
				COPY_PHASE_STRIP = NO;
				DEBUG_INFORMATION_FORMAT = "dwarf-with-dsym";
				ENABLE_NS_ASSERTIONS = NO;
				ENABLE_STRICT_OBJC_MSGSEND = YES;
				GCC_C_LANGUAGE_STANDARD = gnu99;
				GCC_NO_COMMON_BLOCKS = YES;
				GCC_WARN_64_TO_32_BIT_CONVERSION = YES;
				GCC_WARN_ABOUT_RETURN_TYPE = YES_ERROR;
				GCC_WARN_UNDECLARED_SELECTOR = YES;
				GCC_WARN_UNINITIALIZED_AUTOS = YES_AGGRESSIVE;
				GCC_WARN_UNUSED_FUNCTION = YES;
				GCC_WARN_UNUSED_VARIABLE = YES;
				IPHONEOS_DEPLOYMENT_TARGET = 9.0;
				MTL_ENABLE_DEBUG_INFO = NO;
				SDKROOT = iphoneos;
				TARGETED_DEVICE_FAMILY = "1,2";
				VALIDATE_PRODUCT = YES;
			};
			name = Release;
		};
		243CFFC81B445156008FC266 /* Debug */ = {
			isa = XCBuildConfiguration;
			buildSettings = {
				ASSETCATALOG_COMPILER_APPICON_NAME = AppIcon;
				INFOPLIST_FILE = MCStackView/Info.plist;
				IPHONEOS_DEPLOYMENT_TARGET = 8.0;
				LD_RUNPATH_SEARCH_PATHS = "$(inherited) @executable_path/Frameworks";
				PRODUCT_BUNDLE_IDENTIFIER = name.miguelcabeca.MCStackView;
				PRODUCT_NAME = "$(TARGET_NAME)";
			};
			name = Debug;
		};
		243CFFC91B445156008FC266 /* Release */ = {
			isa = XCBuildConfiguration;
			buildSettings = {
				ASSETCATALOG_COMPILER_APPICON_NAME = AppIcon;
				INFOPLIST_FILE = MCStackView/Info.plist;
				IPHONEOS_DEPLOYMENT_TARGET = 8.0;
				LD_RUNPATH_SEARCH_PATHS = "$(inherited) @executable_path/Frameworks";
				PRODUCT_BUNDLE_IDENTIFIER = name.miguelcabeca.MCStackView;
				PRODUCT_NAME = "$(TARGET_NAME)";
			};
			name = Release;
		};
		243CFFCB1B445156008FC266 /* Debug */ = {
			isa = XCBuildConfiguration;
			buildSettings = {
				BUNDLE_LOADER = "$(TEST_HOST)";
				INFOPLIST_FILE = MCStackViewTests/Info.plist;
				LD_RUNPATH_SEARCH_PATHS = "$(inherited) @executable_path/Frameworks @loader_path/Frameworks";
				PRODUCT_BUNDLE_IDENTIFIER = name.miguelcabeca.MCStackViewTests;
				PRODUCT_NAME = "$(TARGET_NAME)";
				TEST_HOST = "$(BUILT_PRODUCTS_DIR)/MCStackView.app/MCStackView";
			};
			name = Debug;
		};
		243CFFCC1B445156008FC266 /* Release */ = {
			isa = XCBuildConfiguration;
			buildSettings = {
				BUNDLE_LOADER = "$(TEST_HOST)";
				INFOPLIST_FILE = MCStackViewTests/Info.plist;
				LD_RUNPATH_SEARCH_PATHS = "$(inherited) @executable_path/Frameworks @loader_path/Frameworks";
				PRODUCT_BUNDLE_IDENTIFIER = name.miguelcabeca.MCStackViewTests;
				PRODUCT_NAME = "$(TARGET_NAME)";
				TEST_HOST = "$(BUILT_PRODUCTS_DIR)/MCStackView.app/MCStackView";
			};
			name = Release;
		};
		243CFFCE1B445156008FC266 /* Debug */ = {
			isa = XCBuildConfiguration;
			buildSettings = {
				INFOPLIST_FILE = MCStackViewUITests/Info.plist;
				LD_RUNPATH_SEARCH_PATHS = "$(inherited) @executable_path/Frameworks @loader_path/Frameworks";
				PRODUCT_BUNDLE_IDENTIFIER = name.miguelcabeca.MCStackViewUITests;
				PRODUCT_NAME = "$(TARGET_NAME)";
				TEST_TARGET_NAME = MCStackView;
				USES_XCTRUNNER = YES;
			};
			name = Debug;
		};
		243CFFCF1B445156008FC266 /* Release */ = {
			isa = XCBuildConfiguration;
			buildSettings = {
				INFOPLIST_FILE = MCStackViewUITests/Info.plist;
				LD_RUNPATH_SEARCH_PATHS = "$(inherited) @executable_path/Frameworks @loader_path/Frameworks";
				PRODUCT_BUNDLE_IDENTIFIER = name.miguelcabeca.MCStackViewUITests;
				PRODUCT_NAME = "$(TARGET_NAME)";
				TEST_TARGET_NAME = MCStackView;
				USES_XCTRUNNER = YES;
			};
			name = Release;
		};
/* End XCBuildConfiguration section */

/* Begin XCConfigurationList section */
		243CFF9A1B445156008FC266 /* Build configuration list for PBXProject "MCStackView" */ = {
			isa = XCConfigurationList;
			buildConfigurations = (
				243CFFC51B445156008FC266 /* Debug */,
				243CFFC61B445156008FC266 /* Release */,
			);
			defaultConfigurationIsVisible = 0;
			defaultConfigurationName = Release;
		};
		243CFFC71B445156008FC266 /* Build configuration list for PBXNativeTarget "MCStackView" */ = {
			isa = XCConfigurationList;
			buildConfigurations = (
				243CFFC81B445156008FC266 /* Debug */,
				243CFFC91B445156008FC266 /* Release */,
			);
			defaultConfigurationIsVisible = 0;
			defaultConfigurationName = Release;
		};
		243CFFCA1B445156008FC266 /* Build configuration list for PBXNativeTarget "MCStackViewTests" */ = {
			isa = XCConfigurationList;
			buildConfigurations = (
				243CFFCB1B445156008FC266 /* Debug */,
				243CFFCC1B445156008FC266 /* Release */,
			);
			defaultConfigurationIsVisible = 0;
			defaultConfigurationName = Release;
		};
		243CFFCD1B445156008FC266 /* Build configuration list for PBXNativeTarget "MCStackViewUITests" */ = {
			isa = XCConfigurationList;
			buildConfigurations = (
				243CFFCE1B445156008FC266 /* Debug */,
				243CFFCF1B445156008FC266 /* Release */,
			);
			defaultConfigurationIsVisible = 0;
			defaultConfigurationName = Release;
		};
/* End XCConfigurationList section */
	};
	rootObject = 243CFF971B445156008FC266 /* Project object */;
}
